
Microsoft Visual Studio Solution File, Format Version 12.00
# Visual Studio 15
VisualStudioVersion = 15.0.28307.421
MinimumVisualStudioVersion = 10.0.40219.1
Project("{FAE04EC0-301F-11D3-BF4B-00C04F79EFBC}") = "Backend", "Backend\Backend.csproj", "{B6D9B813-59C7-43EB-8371-602209E8E244}"
EndProject
Global
	GlobalSection(SolutionConfigurationPlatforms) = preSolution
		Debug|Any CPU = Debug|Any CPU
		Release|Any CPU = Release|Any CPU
	EndGlobalSection
	GlobalSection(ProjectConfigurationPlatforms) = postSolution
		{B6D9B813-59C7-43EB-8371-602209E8E244}.Debug|Any CPU.ActiveCfg = Debug|Any CPU
		{B6D9B813-59C7-43EB-8371-602209E8E244}.Debug|Any CPU.Build.0 = Debug|Any CPU
		{B6D9B813-59C7-43EB-8371-602209E8E244}.Release|Any CPU.ActiveCfg = Release|Any CPU
		{B6D9B813-59C7-43EB-8371-602209E8E244}.Release|Any CPU.Build.0 = Release|Any CPU
	EndGlobalSection
	GlobalSection(SolutionProperties) = preSolution
		HideSolutionNode = FALSE
	EndGlobalSection
	GlobalSection(ExtensibilityGlobals) = postSolution
		SolutionGuid = {C06F485B-04EB-4077-902D-4C9098F81CE6}
	EndGlobalSection
EndGlobal
